
Microsoft Visual Studio Solution File, Format Version 12.00
# Visual Studio Version 17
VisualStudioVersion = 17.14.36623.8 d17.14
MinimumVisualStudioVersion = 10.0.40219.1
Project("{FAE04EC0-301F-11D3-BF4B-00C04F79EFBC}") = "Student_Study_Planner", "Student_Study_Planner\Student_Study_Planner.csproj", "{737B6E7F-EE99-42F1-926A-5DE5E2A285AA}"
EndProject
Global
	GlobalSection(SolutionConfigurationPlatforms) = preSolution
		Debug|Any CPU = Debug|Any CPU
		Release|Any CPU = Release|Any CPU
	EndGlobalSection
	GlobalSection(ProjectConfigurationPlatforms) = postSolution
		{737B6E7F-EE99-42F1-926A-5DE5E2A285AA}.Debug|Any CPU.ActiveCfg = Debug|Any CPU
		{737B6E7F-EE99-42F1-926A-5DE5E2A285AA}.Debug|Any CPU.Build.0 = Debug|Any CPU
		{737B6E7F-EE99-42F1-926A-5DE5E2A285AA}.Release|Any CPU.ActiveCfg = Release|Any CPU
		{737B6E7F-EE99-42F1-926A-5DE5E2A285AA}.Release|Any CPU.Build.0 = Release|Any CPU
	EndGlobalSection
	GlobalSection(SolutionProperties) = preSolution
		HideSolutionNode = FALSE
	EndGlobalSection
	GlobalSection(ExtensibilityGlobals) = postSolution
		SolutionGuid = {B483CF7A-F553-4E18-8FBC-4A5F616EEB63}
	EndGlobalSection
EndGlobal
